{
  "lockfileVersion": 1,
  "workspaces": {
    "": {
      "name": "create-mcpe-script-test",
      "devDependencies": {
        "@types/bun": "latest",
        "@types/prompts": "latest",
        "bun": "latest",
        "ora": "latest",
        "picocolors": "latest",
        "prompts": "latest",
      },
    },
  },
  "packages": {
    "@oven/bun-darwin-aarch64": ["@oven/bun-darwin-aarch64@1.2.0", "", { "os": "darwin", "cpu": "arm64" }, "sha512-51gx0Q7MJshZn554VEHj599/TVW+IDcYITWDzxeRyBN96vrbnYT9sGT58tCvN/yVrJBcTH83aHgjsOefM/egrQ=="],

    "@oven/bun-darwin-x64": ["@oven/bun-darwin-x64@1.2.0", "", { "os": "darwin", "cpu": "x64" }, "sha512-LxbuMT5h5IgBbBpCzUCz9JlAIRcVy9tLJ54s+X6H8qpaDNf4TL+bmZQEog/VZMHdyFVQignSiTI6zPkPnoF+Kw=="],

    "@oven/bun-darwin-x64-baseline": ["@oven/bun-darwin-x64-baseline@1.2.0", "", { "os": "darwin", "cpu": "x64" }, "sha512-ZgtE37T6ogQjp25JZRYbxy4Iziw7+THEnm2Mb+SyjimLSmU10d0fgYsPrT5ZIWfsMh42IXPgUFksG7IY7CmR/A=="],

    "@oven/bun-linux-aarch64": ["@oven/bun-linux-aarch64@1.2.0", "", { "os": "linux", "cpu": "arm64" }, "sha512-1N10z7tQE1CwrSHuhdQFxl1vUd86VKqt1258a++m9EUwZ+uQMYnoevKyDc2TiwJF4yXG1AHc1STz7biQ1q/wNA=="],

    "@oven/bun-linux-aarch64-musl": ["@oven/bun-linux-aarch64-musl@1.2.0", "", { "os": "linux", "cpu": "none" }, "sha512-sXfkddLwsOF6x2YfDkmbfuwV5BgaI53G1nh2/cq7iLf1HhdWDhbmB4i9Dw68Gy3tXTrezOOQqZ5+un5OOOXXxg=="],

    "@oven/bun-linux-x64": ["@oven/bun-linux-x64@1.2.0", "", { "os": "linux", "cpu": "x64" }, "sha512-QGXdeY0zkTSMYqIJ1crDF8gvRx0JeRYjd/nmfpxnuxyVNjUUVZHaQKMHvGGptPmkzvhEvCYnWmh2wmCFQmCZBw=="],

    "@oven/bun-linux-x64-baseline": ["@oven/bun-linux-x64-baseline@1.2.0", "", { "os": "linux", "cpu": "x64" }, "sha512-eXxEbZxUO02EAofgMW1SCiMlGgS0F8NSvF7xTgSAxl8WYYDAR9GVu37DIwGokXBKBuysgdZuBUb7IpWzB+n6IQ=="],

    "@oven/bun-linux-x64-musl": ["@oven/bun-linux-x64-musl@1.2.0", "", { "os": "linux", "cpu": "x64" }, "sha512-pJjVzEiS9HXuWy4LdbmiOLUmU1l2pUAWbbd43OocJRYvZL54cZpE+x0yUyEb38vd+jkHQu0ty8jHMyl+fBNUZA=="],

    "@oven/bun-linux-x64-musl-baseline": ["@oven/bun-linux-x64-musl-baseline@1.2.0", "", { "os": "linux", "cpu": "x64" }, "sha512-/M53/WHnhKjgFxQXljapXMnQvkdZ9EzK9LuWjZ0Kw3WCx9n2v7MS2803vjpiVwUxoDYpq1+wSyXIaEloZQ/R5w=="],

    "@oven/bun-windows-x64": ["@oven/bun-windows-x64@1.2.0", "", { "os": "win32", "cpu": "x64" }, "sha512-inCrG8tQJ9Sz5N8uVoDwoR+QFDLbOcfAkGtjEvnn6djeyDx8PbO8IErhbrpkb+10vtGDFWaOr0XVS7kuSu08Fw=="],

    "@oven/bun-windows-x64-baseline": ["@oven/bun-windows-x64-baseline@1.2.0", "", { "os": "win32", "cpu": "x64" }, "sha512-A+U0PGh0twPTbUNwK2BZcFR8fWDumWOAiTReTWTK0wOIcQIy9DCTzKhxBffYNwLhf8BxLkJpoEag7wL1AWiejg=="],

    "@types/bun": ["@types/bun@1.2.0", "", { "dependencies": { "bun-types": "1.2.0" } }, "sha512-5N1JqdahfpBlAv4wy6svEYcd/YfO2GNrbL95JOmFx8nkE6dbK4R0oSE5SpBA4vBRqgrOUAXF8Dpiz+gi7r80SA=="],

    "@types/node": ["@types/node@22.10.10", "", { "dependencies": { "undici-types": "~6.20.0" } }, "sha512-X47y/mPNzxviAGY5TcYPtYL8JsY3kAq2n8fMmKoRCxq/c4v4pyGNCzM2R6+M5/umG4ZfHuT+sgqDYqWc9rJ6ww=="],

    "@types/prompts": ["@types/prompts@2.4.9", "", { "dependencies": { "@types/node": "*", "kleur": "^3.0.3" } }, "sha512-qTxFi6Buiu8+50/+3DGIWLHM6QuWsEKugJnnP6iv2Mc4ncxE4A/OJkjuVOA+5X0X1S/nq5VJRa8Lu+nwcvbrKA=="],

    "@types/ws": ["@types/ws@8.5.14", "", { "dependencies": { "@types/node": "*" } }, "sha512-bd/YFLW+URhBzMXurx7lWByOu+xzU9+kb3RboOteXYDfW+tr+JZa99OyNmPINEGB/ahzKrEuc8rcv4gnpJmxTw=="],

    "ansi-regex": ["ansi-regex@6.1.0", "", {}, "sha512-7HSX4QQb4CspciLpVFwyRe79O3xsIZDDLER21kERQ71oaPodF8jL725AgJMFAYbooIqolJoRLuM81SpeUkpkvA=="],

    "bun": ["bun@1.2.0", "", { "optionalDependencies": { "@oven/bun-darwin-aarch64": "1.2.0", "@oven/bun-darwin-x64": "1.2.0", "@oven/bun-darwin-x64-baseline": "1.2.0", "@oven/bun-linux-aarch64": "1.2.0", "@oven/bun-linux-aarch64-musl": "1.2.0", "@oven/bun-linux-x64": "1.2.0", "@oven/bun-linux-x64-baseline": "1.2.0", "@oven/bun-linux-x64-musl": "1.2.0", "@oven/bun-linux-x64-musl-baseline": "1.2.0", "@oven/bun-windows-x64": "1.2.0", "@oven/bun-windows-x64-baseline": "1.2.0" }, "os": [ "linux", "win32", "darwin", ], "cpu": [ "x64", "arm64", ], "bin": { "bun": "bin/bun.exe", "bunx": "bin/bun.exe" } }, "sha512-QUt9418MMPgylSsfOjGABV0aodlVZmQ6goCn/o0tf6jVKkPFgaMw643iv+Uo5uqEKtECaDCbCmssqofq1nVgvw=="],

    "bun-types": ["bun-types@1.2.0", "", { "dependencies": { "@types/node": "*", "@types/ws": "~8.5.10" } }, "sha512-KEaJxyZfbV/c4eyG0vyehDpYmBGreNiQbZIqvVHJwZ4BmeuWlNZ7EAzMN2Zcd7ailmS/tGVW0BgYbGf+lGEpWw=="],

    "chalk": ["chalk@5.4.1", "", {}, "sha512-zgVZuo2WcZgfUEmsn6eO3kINexW8RAE4maiQ8QNs8CtpPCSyMiYsULR3HQYkm3w8FIA3SberyMJMSldGsW+U3w=="],

    "cli-cursor": ["cli-cursor@5.0.0", "", { "dependencies": { "restore-cursor": "^5.0.0" } }, "sha512-aCj4O5wKyszjMmDT4tZj93kxyydN/K5zPWSCe6/0AV/AA1pqe5ZBIw0a2ZfPQV7lL5/yb5HsUreJ6UFAF1tEQw=="],

    "cli-spinners": ["cli-spinners@2.9.2", "", {}, "sha512-ywqV+5MmyL4E7ybXgKys4DugZbX0FC6LnwrhjuykIjnK9k8OQacQ7axGKnjDXWNhns0xot3bZI5h55H8yo9cJg=="],

    "emoji-regex": ["emoji-regex@10.4.0", "", {}, "sha512-EC+0oUMY1Rqm4O6LLrgjtYDvcVYTy7chDnM4Q7030tP4Kwj3u/pR6gP9ygnp2CJMK5Gq+9Q2oqmrFJAz01DXjw=="],

    "get-east-asian-width": ["get-east-asian-width@1.3.0", "", {}, "sha512-vpeMIQKxczTD/0s2CdEWHcb0eeJe6TFjxb+J5xgX7hScxqrGuyjmv4c1D4A/gelKfyox0gJJwIHF+fLjeaM8kQ=="],

    "is-interactive": ["is-interactive@2.0.0", "", {}, "sha512-qP1vozQRI+BMOPcjFzrjXuQvdak2pHNUMZoeG2eRbiSqyvbEf/wQtEOTOX1guk6E3t36RkaqiSt8A/6YElNxLQ=="],

    "is-unicode-supported": ["is-unicode-supported@2.1.0", "", {}, "sha512-mE00Gnza5EEB3Ds0HfMyllZzbBrmLOX3vfWoj9A9PEnTfratQ/BcaJOuMhnkhjXvb2+FkY3VuHqtAGpTPmglFQ=="],

    "kleur": ["kleur@3.0.3", "", {}, "sha512-eTIzlVOSUR+JxdDFepEYcBMtZ9Qqdef+rnzWdRZuMbOywu5tO2w2N7rqjoANZ5k9vywhL6Br1VRjUIgTQx4E8w=="],

    "log-symbols": ["log-symbols@6.0.0", "", { "dependencies": { "chalk": "^5.3.0", "is-unicode-supported": "^1.3.0" } }, "sha512-i24m8rpwhmPIS4zscNzK6MSEhk0DUWa/8iYQWxhffV8jkI4Phvs3F+quL5xvS0gdQR0FyTCMMH33Y78dDTzzIw=="],

    "mimic-function": ["mimic-function@5.0.1", "", {}, "sha512-VP79XUPxV2CigYP3jWwAUFSku2aKqBH7uTAapFWCBqutsbmDo96KY5o8uh6U+/YSIn5OxJnXp73beVkpqMIGhA=="],

    "onetime": ["onetime@7.0.0", "", { "dependencies": { "mimic-function": "^5.0.0" } }, "sha512-VXJjc87FScF88uafS3JllDgvAm+c/Slfz06lorj2uAY34rlUu0Nt+v8wreiImcrgAjjIHp1rXpTDlLOGw29WwQ=="],

    "ora": ["ora@8.1.1", "", { "dependencies": { "chalk": "^5.3.0", "cli-cursor": "^5.0.0", "cli-spinners": "^2.9.2", "is-interactive": "^2.0.0", "is-unicode-supported": "^2.0.0", "log-symbols": "^6.0.0", "stdin-discarder": "^0.2.2", "string-width": "^7.2.0", "strip-ansi": "^7.1.0" } }, "sha512-YWielGi1XzG1UTvOaCFaNgEnuhZVMSHYkW/FQ7UX8O26PtlpdM84c0f7wLPlkvx2RfiQmnzd61d/MGxmpQeJPw=="],

    "picocolors": ["picocolors@1.1.1", "", {}, "sha512-xceH2snhtb5M9liqDsmEw56le376mTZkEX/jEb/RxNFyegNul7eNslCXP9FDj/Lcu0X8KEyMceP2ntpaHrDEVA=="],

    "prompts": ["prompts@2.4.2", "", { "dependencies": { "kleur": "^3.0.3", "sisteransi": "^1.0.5" } }, "sha512-NxNv/kLguCA7p3jE8oL2aEBsrJWgAakBpgmgK6lpPWV+WuOmY6r2/zbAVnP+T8bQlA0nzHXSJSJW0Hq7ylaD2Q=="],

    "restore-cursor": ["restore-cursor@5.1.0", "", { "dependencies": { "onetime": "^7.0.0", "signal-exit": "^4.1.0" } }, "sha512-oMA2dcrw6u0YfxJQXm342bFKX/E4sG9rbTzO9ptUcR/e8A33cHuvStiYOwH7fszkZlZ1z/ta9AAoPk2F4qIOHA=="],

    "signal-exit": ["signal-exit@4.1.0", "", {}, "sha512-bzyZ1e88w9O1iNJbKnOlvYTrWPDl46O1bG0D3XInv+9tkPrxrN8jUUTiFlDkkmKWgn1M6CfIA13SuGqOa9Korw=="],

    "sisteransi": ["sisteransi@1.0.5", "", {}, "sha512-bLGGlR1QxBcynn2d5YmDX4MGjlZvy2MRBDRNHLJ8VI6l6+9FUiyTFNJ0IveOSP0bcXgVDPRcfGqA0pjaqUpfVg=="],

    "stdin-discarder": ["stdin-discarder@0.2.2", "", {}, "sha512-UhDfHmA92YAlNnCfhmq0VeNL5bDbiZGg7sZ2IvPsXubGkiNa9EC+tUTsjBRsYUAz87btI6/1wf4XoVvQ3uRnmQ=="],

    "string-width": ["string-width@7.2.0", "", { "dependencies": { "emoji-regex": "^10.3.0", "get-east-asian-width": "^1.0.0", "strip-ansi": "^7.1.0" } }, "sha512-tsaTIkKW9b4N+AEj+SVA+WhJzV7/zMhcSu78mLKWSk7cXMOSHsBKFWUs0fWwq8QyK3MgJBQRX6Gbi4kYbdvGkQ=="],

    "strip-ansi": ["strip-ansi@7.1.0", "", { "dependencies": { "ansi-regex": "^6.0.1" } }, "sha512-iq6eVVI64nQQTRYq2KtEg2d2uU7LElhTJwsH4YzIHZshxlgZms/wIc4VoDQTlG/IvVIrBKG06CrZnp0qv7hkcQ=="],

    "undici-types": ["undici-types@6.20.0", "", {}, "sha512-Ny6QZ2Nju20vw1SRHe3d9jVu6gJ+4e3+MMpqu7pqE5HT6WsTSlce++GQmK5UXS8mzV8DSYHrQH+Xrf2jVcuKNg=="],

    "log-symbols/is-unicode-supported": ["is-unicode-supported@1.3.0", "", {}, "sha512-43r2mRvz+8JRIKnWJ+3j8JtjRKZ6GmjzfaE/qiBJnikNnYv/6bagRJ1kUhNk8R5EX/GkobD+r+sfxCPJsiKBLQ=="],
  }
}
